
Microsoft Visual Studio Solution File, Format Version 12.00
# Visual Studio Version 16
VisualStudioVersion = 16.0.30011.22
MinimumVisualStudioVersion = 10.0.40219.1
Project("{FAE04EC0-301F-11D3-BF4B-00C04F79EFBC}") = "Gas Station", "Gas Station\Gas Station.csproj", "{2CB9F7C9-C4E2-4C75-91EF-B3B3424ED261}"
EndProject
Global
	GlobalSection(SolutionConfigurationPlatforms) = preSolution
		Debug|Any CPU = Debug|Any CPU
		Release|Any CPU = Release|Any CPU
	EndGlobalSection
	GlobalSection(ProjectConfigurationPlatforms) = postSolution
		{2CB9F7C9-C4E2-4C75-91EF-B3B3424ED261}.Debug|Any CPU.ActiveCfg = Debug|Any CPU
		{2CB9F7C9-C4E2-4C75-91EF-B3B3424ED261}.Debug|Any CPU.Build.0 = Debug|Any CPU
		{2CB9F7C9-C4E2-4C75-91EF-B3B3424ED261}.Release|Any CPU.ActiveCfg = Release|Any CPU
		{2CB9F7C9-C4E2-4C75-91EF-B3B3424ED261}.Release|Any CPU.Build.0 = Release|Any CPU
	EndGlobalSection
	GlobalSection(SolutionProperties) = preSolution
		HideSolutionNode = FALSE
	EndGlobalSection
	GlobalSection(ExtensibilityGlobals) = postSolution
		SolutionGuid = {AE590DFB-4357-4EE4-A913-C63462A4C9B0}
	EndGlobalSection
EndGlobal
